{
  "requires": true,
  "lockfileVersion": 1,
  "dependencies": {
    "use-state-with-callback": {
      "version": "2.0.3",
      "resolved": "https://registry.npmjs.org/use-state-with-callback/-/use-state-with-callback-2.0.3.tgz",
      "integrity": "sha512-bJXNAtJZW0xz16GIW54aDbYxRkZa2c8RdoKGQnJqE7GmRdVkZkKQBTR/9vH6T5tZX/7yCIhywE09NyeTQ9EJJQ=="
    }
  }
}
